
Microsoft Visual Studio Solution File, Format Version 12.00
# Visual Studio 2012
Project("{FAE04EC0-301F-11D3-BF4B-00C04F79EFBC}") = "CRMOnline", "CRMOnline.csproj", "{89AA3AB7-931B-4F96-B77A-95C1E39037CF}"
EndProject
Project("{FAE04EC0-301F-11D3-BF4B-00C04F79EFBC}") = "CRMOnlineEntity", "CRMOnlineEntity\CRMOnlineEntity.csproj", "{145734B4-26A2-4081-B3B1-3E3B68A49004}"
EndProject
Project("{FAE04EC0-301F-11D3-BF4B-00C04F79EFBC}") = "CRMOnlineIDAO", "CRMOnlineIDAO\CRMOnlineIDAO.csproj", "{0A58E4BB-D4A6-415F-BE7F-3735F2BF5617}"
EndProject
Project("{FAE04EC0-301F-11D3-BF4B-00C04F79EFBC}") = "CRMOnlineController", "CRMOnlineController\CRMOnlineController.csproj", "{8CA7FD32-1A11-4867-AA09-314A76EA39DD}"
EndProject
Project("{FAE04EC0-301F-11D3-BF4B-00C04F79EFBC}") = "CRMOnlineDAO", "CRMOnlineDAO\CRMOnlineDAO.csproj", "{292C3191-588A-4CAF-8257-C3532AD1CF84}"
EndProject
Project("{FAE04EC0-301F-11D3-BF4B-00C04F79EFBC}") = "CRMOnlineTest", "CRMOnlineTest\CRMOnlineTest.csproj", "{B97D5246-47FC-4EAF-93B0-3DFAB34BA9EA}"
EndProject
Global
	GlobalSection(SolutionConfigurationPlatforms) = preSolution
		Debug|Any CPU = Debug|Any CPU
		Release|Any CPU = Release|Any CPU
	EndGlobalSection
	GlobalSection(ProjectConfigurationPlatforms) = postSolution
		{89AA3AB7-931B-4F96-B77A-95C1E39037CF}.Debug|Any CPU.ActiveCfg = Debug|Any CPU
		{89AA3AB7-931B-4F96-B77A-95C1E39037CF}.Debug|Any CPU.Build.0 = Debug|Any CPU
		{89AA3AB7-931B-4F96-B77A-95C1E39037CF}.Release|Any CPU.ActiveCfg = Release|Any CPU
		{89AA3AB7-931B-4F96-B77A-95C1E39037CF}.Release|Any CPU.Build.0 = Release|Any CPU
		{145734B4-26A2-4081-B3B1-3E3B68A49004}.Debug|Any CPU.ActiveCfg = Debug|Any CPU
		{145734B4-26A2-4081-B3B1-3E3B68A49004}.Debug|Any CPU.Build.0 = Debug|Any CPU
		{145734B4-26A2-4081-B3B1-3E3B68A49004}.Release|Any CPU.ActiveCfg = Release|Any CPU
		{145734B4-26A2-4081-B3B1-3E3B68A49004}.Release|Any CPU.Build.0 = Release|Any CPU
		{0A58E4BB-D4A6-415F-BE7F-3735F2BF5617}.Debug|Any CPU.ActiveCfg = Debug|Any CPU
		{0A58E4BB-D4A6-415F-BE7F-3735F2BF5617}.Debug|Any CPU.Build.0 = Debug|Any CPU
		{0A58E4BB-D4A6-415F-BE7F-3735F2BF5617}.Release|Any CPU.ActiveCfg = Release|Any CPU
		{0A58E4BB-D4A6-415F-BE7F-3735F2BF5617}.Release|Any CPU.Build.0 = Release|Any CPU
		{8CA7FD32-1A11-4867-AA09-314A76EA39DD}.Debug|Any CPU.ActiveCfg = Debug|Any CPU
		{8CA7FD32-1A11-4867-AA09-314A76EA39DD}.Debug|Any CPU.Build.0 = Debug|Any CPU
		{8CA7FD32-1A11-4867-AA09-314A76EA39DD}.Release|Any CPU.ActiveCfg = Release|Any CPU
		{8CA7FD32-1A11-4867-AA09-314A76EA39DD}.Release|Any CPU.Build.0 = Release|Any CPU
		{292C3191-588A-4CAF-8257-C3532AD1CF84}.Debug|Any CPU.ActiveCfg = Debug|Any CPU
		{292C3191-588A-4CAF-8257-C3532AD1CF84}.Debug|Any CPU.Build.0 = Debug|Any CPU
		{292C3191-588A-4CAF-8257-C3532AD1CF84}.Release|Any CPU.ActiveCfg = Release|Any CPU
		{292C3191-588A-4CAF-8257-C3532AD1CF84}.Release|Any CPU.Build.0 = Release|Any CPU
		{B97D5246-47FC-4EAF-93B0-3DFAB34BA9EA}.Debug|Any CPU.ActiveCfg = Debug|Any CPU
		{B97D5246-47FC-4EAF-93B0-3DFAB34BA9EA}.Debug|Any CPU.Build.0 = Debug|Any CPU
		{B97D5246-47FC-4EAF-93B0-3DFAB34BA9EA}.Release|Any CPU.ActiveCfg = Release|Any CPU
		{B97D5246-47FC-4EAF-93B0-3DFAB34BA9EA}.Release|Any CPU.Build.0 = Release|Any CPU
	EndGlobalSection
	GlobalSection(SolutionProperties) = preSolution
		HideSolutionNode = FALSE
	EndGlobalSection
EndGlobal
